
Microsoft Visual Studio Solution File, Format Version 12.00
# Visual Studio Version 17
VisualStudioVersion = 17.7.34024.191
MinimumVisualStudioVersion = 10.0.40219.1
Project("{FAE04EC0-301F-11D3-BF4B-00C04F79EFBC}") = "PatronDeDiseñoRepository", "PatronDeDiseñoRepository\PatronDeDiseñoRepository.csproj", "{3FBB3910-BF2A-45A3-AF7E-62B145E27CE1}"
EndProject
Global
	GlobalSection(SolutionConfigurationPlatforms) = preSolution
		Debug|Any CPU = Debug|Any CPU
		Release|Any CPU = Release|Any CPU
	EndGlobalSection
	GlobalSection(ProjectConfigurationPlatforms) = postSolution
		{3FBB3910-BF2A-45A3-AF7E-62B145E27CE1}.Debug|Any CPU.ActiveCfg = Debug|Any CPU
		{3FBB3910-BF2A-45A3-AF7E-62B145E27CE1}.Debug|Any CPU.Build.0 = Debug|Any CPU
		{3FBB3910-BF2A-45A3-AF7E-62B145E27CE1}.Release|Any CPU.ActiveCfg = Release|Any CPU
		{3FBB3910-BF2A-45A3-AF7E-62B145E27CE1}.Release|Any CPU.Build.0 = Release|Any CPU
	EndGlobalSection
	GlobalSection(SolutionProperties) = preSolution
		HideSolutionNode = FALSE
	EndGlobalSection
	GlobalSection(ExtensibilityGlobals) = postSolution
		SolutionGuid = {23C2890A-D517-46CA-871E-99E95B2FD611}
	EndGlobalSection
EndGlobal
